{
    "_readme": [
        "This file locks the dependencies of your project to a known state",
        "Read more about it at https://getcomposer.org/doc/01-basic-usage.md#installing-dependencies",
        "This file is @generated automatically"
    ],
    "content-hash": "3124109e976bd9331791008196b5a08b",
    "packages": [
        {
            "name": "bamarni/composer-bin-plugin",
            "version": "1.9.1",
            "source": {
                "type": "git",
                "url": "https://github.com/bamarni/composer-bin-plugin.git",
                "reference": "641d0663f5ac270b1aeec4337b7856f76204df47"
            },
            "dist": {
                "type": "zip",
                "url": "https://api.github.com/repos/bamarni/composer-bin-plugin/zipball/641d0663f5ac270b1aeec4337b7856f76204df47",
                "reference": "641d0663f5ac270b1aeec4337b7856f76204df47",
                "shasum": ""
            },
            "require": {
                "composer-plugin-api": "^2.0",
                "php": "^7.2.5 || ^8.0"
            },
            "require-dev": {
                "composer/composer": "^2.2.26",
                "ext-json": "*",
                "phpstan/extension-installer": "^1.1",
                "phpstan/phpstan": "^1.8 || ^2.0",
                "phpstan/phpstan-phpunit": "^1.1 || ^2.0",
                "phpunit/phpunit": "^8.5 || ^9.6 || ^10.0",
                "symfony/console": "^2.8.52 || ^3.4.35 || ^4.4 || ^5.0 || ^6.0",
                "symfony/finder": "^2.8.52 || ^3.4.35 || ^4.4 || ^5.0 || ^6.0",
                "symfony/process": "^2.8.52 || ^3.4.35 || ^4.4 || ^5.0 || ^6.0"
            },
            "type": "composer-plugin",
            "extra": {
                "class": "Bamarni\\Composer\\Bin\\BamarniBinPlugin"
            },
            "autoload": {
                "psr-4": {
                    "Bamarni\\Composer\\Bin\\": "src"
                }
            },
            "notification-url": "https://packagist.org/downloads/",
            "license": [
                "MIT"
            ],
            "description": "No conflicts for your bin dependencies",
            "keywords": [
                "composer",
                "conflict",
                "dependency",
                "executable",
                "isolation",
                "tool"
            ],
            "support": {
                "issues": "https://github.com/bamarni/composer-bin-plugin/issues",
                "source": "https://github.com/bamarni/composer-bin-plugin/tree/1.9.1"
            },
            "time": "2026-02-04T10:18:12+00:00"
        },
        {
            "name": "brick/math",
            "version": "0.14.8",
            "source": {
                "type": "git",
                "url": "https://github.com/brick/math.git",
                "reference": "63422359a44b7f06cae63c3b429b59e8efcc0629"
            },
            "dist": {
                "type": "zip",
                "url": "https://api.github.com/repos/brick/math/zipball/63422359a44b7f06cae63c3b429b59e8efcc0629",
                "reference": "63422359a44b7f06cae63c3b429b59e8efcc0629",
                "shasum": ""
            },
            "require": {
                "php": "^8.2"
            },
            "require-dev": {
                "php-coveralls/php-coveralls": "^2.2",
                "phpstan/phpstan": "2.1.22",
                "phpunit/phpunit": "^11.5"
            },
            "type": "library",
            "autoload": {
                "psr-4": {
                    "Brick\\Math\\": "src/"
                }
            },
            "notification-url": "https://packagist.org/downloads/",
            "license": [
                "MIT"
            ],
            "description": "Arbitrary-precision arithmetic library",
            "keywords": [
                "Arbitrary-precision",
                "BigInteger",
                "BigRational",
                "arithmetic",
                "bigdecimal",
                "bignum",
                "bignumber",
                "brick",
                "decimal",
                "integer",
                "math",
                "mathematics",
                "rational"
            ],
            "support": {
                "issues": "https://github.com/brick/math/issues",
                "source": "https://github.com/brick/math/tree/0.14.8"
            },
            "funding": [
                {
                    "url": "https://github.com/BenMorel",
                    "type": "github"
                }
            ],
            "time": "2026-02-10T14:33:43+00:00"
        },
        {
            "name": "guzzlehttp/guzzle",
            "version": "7.10.0",
            "source": {
                "type": "git",
                "url": "https://github.com/guzzle/guzzle.git",
                "reference": "b51ac707cfa420b7bfd4e4d5e510ba8008e822b4"
            },
            "dist": {
                "type": "zip",
                "url": "https://api.github.com/repos/guzzle/guzzle/zipball/b51ac707cfa420b7bfd4e4d5e510ba8008e822b4",
                "reference": "b51ac707cfa420b7bfd4e4d5e510ba8008e822b4",
                "shasum": ""
            },
            "require": {
                "ext-json": "*",
                "guzzlehttp/promises": "^2.3",
                "guzzlehttp/psr7": "^2.8",
                "php": "^7.2.5 || ^8.0",
                "psr/http-client": "^1.0",
                "symfony/deprecation-contracts": "^2.2 || ^3.0"
            },
            "provide": {
                "psr/http-client-implementation": "1.0"
            },
            "require-dev": {
                "bamarni/composer-bin-plugin": "^1.8.2",
                "ext-curl": "*",
                "guzzle/client-integration-tests": "3.0.2",
                "php-http/message-factory": "^1.1",
                "phpunit/phpunit": "^8.5.39 || ^9.6.20",
                "psr/log": "^1.1 || ^2.0 || ^3.0"
            },
            "suggest": {
                "ext-curl": "Required for CURL handler support",
                "ext-intl": "Required for Internationalized Domain Name (IDN) support",
                "psr/log": "Required for using the Log middleware"
            },
            "type": "library",
            "extra": {
                "bamarni-bin": {
                    "bin-links": true,
                    "forward-command": false
                }
            },
            "autoload": {
                "files": [
                    "src/functions_include.php"
                ],
                "psr-4": {
                    "GuzzleHttp\\": "src/"
                }
            },
            "notification-url": "https://packagist.org/downloads/",
            "license": [
                "MIT"
            ],
            "authors": [
                {
                    "name": "Graham Campbell",
                    "email": "hello@gjcampbell.co.uk",
                    "homepage": "https://github.com/GrahamCampbell"
                },
                {
                    "name": "Michael Dowling",
                    "email": "mtdowling@gmail.com",
                    "homepage": "https://github.com/mtdowling"
                },
                {
                    "name": "Jeremy Lindblom",
                    "email": "jeremeamia@gmail.com",
                    "homepage": "https://github.com/jeremeamia"
                },
                {
                    "name": "George Mponos",
                    "email": "gmponos@gmail.com",
                    "homepage": "https://github.com/gmponos"
                },
                {
                    "name": "Tobias Nyholm",
                    "email": "tobias.nyholm@gmail.com",
                    "homepage": "https://github.com/Nyholm"
                },
                {
                    "name": "Márk Sági-Kazár",
                    "email": "mark.sagikazar@gmail.com",
                    "homepage": "https://github.com/sagikazarmark"
                },
                {
                    "name": "Tobias Schultze",
                    "email": "webmaster@tubo-world.de",
                    "homepage": "https://github.com/Tobion"
                }
            ],
            "description": "Guzzle is a PHP HTTP client library",
            "keywords": [
                "client",
                "curl",
                "framework",
                "http",
                "http client",
                "psr-18",
                "psr-7",
                "rest",
                "web service"
            ],
            "support": {
                "issues": "https://github.com/guzzle/guzzle/issues",
                "source": "https://github.com/guzzle/guzzle/tree/7.10.0"
            },
            "funding": [
                {
                    "url": "https://github.com/GrahamCampbell",
                    "type": "github"
                },
                {
                    "url": "https://github.com/Nyholm",
                    "type": "github"
                },
                {
                    "url": "https://tidelift.com/funding/github/packagist/guzzlehttp/guzzle",
                    "type": "tidelift"
                }
            ],
            "time": "2025-08-23T22:36:01+00:00"
        },
        {
            "name": "guzzlehttp/promises",
            "version": "2.3.0",
            "source": {
                "type": "git",
                "url": "https://github.com/guzzle/promises.git",
                "reference": "481557b130ef3790cf82b713667b43030dc9c957"
            },
            "dist": {
                "type": "zip",
                "url": "https://api.github.com/repos/guzzle/promises/zipball/481557b130ef3790cf82b713667b43030dc9c957",
                "reference": "481557b130ef3790cf82b713667b43030dc9c957",
                "shasum": ""
            },
            "require": {
                "php": "^7.2.5 || ^8.0"
            },
            "require-dev": {
                "bamarni/composer-bin-plugin": "^1.8.2",
                "phpunit/phpunit": "^8.5.44 || ^9.6.25"
            },
            "type": "library",
            "extra": {
                "bamarni-bin": {
                    "bin-links": true,
                    "forward-command": false
                }
            },
            "autoload": {
                "psr-4": {
                    "GuzzleHttp\\Promise\\": "src/"
                }
            },
            "notification-url": "https://packagist.org/downloads/",
            "license": [
                "MIT"
            ],
            "authors": [
                {
                    "name": "Graham Campbell",
                    "email": "hello@gjcampbell.co.uk",
                    "homepage": "https://github.com/GrahamCampbell"
                },
                {
                    "name": "Michael Dowling",
                    "email": "mtdowling@gmail.com",
                    "homepage": "https://github.com/mtdowling"
                },
                {
                    "name": "Tobias Nyholm",
                    "email": "tobias.nyholm@gmail.com",
                    "homepage": "https://github.com/Nyholm"
                },
                {
                    "name": "Tobias Schultze",
                    "email": "webmaster@tubo-world.de",
                    "homepage": "https://github.com/Tobion"
                }
            ],
            "description": "Guzzle promises library",
            "keywords": [
                "promise"
            ],
            "support": {
                "issues": "https://github.com/guzzle/promises/issues",
                "source": "https://github.com/guzzle/promises/tree/2.3.0"
            },
            "funding": [
                {
                    "url": "https://github.com/GrahamCampbell",
                    "type": "github"
                },
                {
                    "url": "https://github.com/Nyholm",
                    "type": "github"
                },
                {
                    "url": "https://tidelift.com/funding/github/packagist/guzzlehttp/promises",
                    "type": "tidelift"
                }
            ],
            "time": "2025-08-22T14:34:08+00:00"
        },
        {
            "name": "guzzlehttp/psr7",
            "version": "2.8.0",
            "source": {
                "type": "git",
                "url": "https://github.com/guzzle/psr7.git",
                "reference": "21dc724a0583619cd1652f673303492272778051"
            },
            "dist": {
                "type": "zip",
                "url": "https://api.github.com/repos/guzzle/psr7/zipball/21dc724a0583619cd1652f673303492272778051",
                "reference": "21dc724a0583619cd1652f673303492272778051",
                "shasum": ""
            },
            "require": {
                "php": "^7.2.5 || ^8.0",
                "psr/http-factory": "^1.0",
                "psr/http-message": "^1.1 || ^2.0",
                "ralouphie/getallheaders": "^3.0"
            },
            "provide": {
                "psr/http-factory-implementation": "1.0",
                "psr/http-message-implementation": "1.0"
            },
            "require-dev": {
                "bamarni/composer-bin-plugin": "^1.8.2",
                "http-interop/http-factory-tests": "0.9.0",
                "phpunit/phpunit": "^8.5.44 || ^9.6.25"
            },
            "suggest": {
                "laminas/laminas-httphandlerrunner": "Emit PSR-7 responses"
            },
            "type": "library",
            "extra": {
                "bamarni-bin": {
                    "bin-links": true,
                    "forward-command": false
                }
            },
            "autoload": {
                "psr-4": {
                    "GuzzleHttp\\Psr7\\": "src/"
                }
            },
            "notification-url": "https://packagist.org/downloads/",
            "license": [
                "MIT"
            ],
            "authors": [
                {
                    "name": "Graham Campbell",
                    "email": "hello@gjcampbell.co.uk",
                    "homepage": "https://github.com/GrahamCampbell"
                },
                {
                    "name": "Michael Dowling",
                    "email": "mtdowling@gmail.com",
                    "homepage": "https://github.com/mtdowling"
                },
                {
                    "name": "George Mponos",
                    "email": "gmponos@gmail.com",
                    "homepage": "https://github.com/gmponos"
                },
                {
                    "name": "Tobias Nyholm",
                    "email": "tobias.nyholm@gmail.com",
                    "homepage": "https://github.com/Nyholm"
                },
                {
                    "name": "Márk Sági-Kazár",
                    "email": "mark.sagikazar@gmail.com",
                    "homepage": "https://github.com/sagikazarmark"
                },
                {
                    "name": "Tobias Schultze",
                    "email": "webmaster@tubo-world.de",
                    "homepage": "https://github.com/Tobion"
                },
                {
                    "name": "Márk Sági-Kazár",
                    "email": "mark.sagikazar@gmail.com",
                    "homepage": "https://sagikazarmark.hu"
                }
            ],
            "description": "PSR-7 message implementation that also provides common utility methods",
            "keywords": [
                "http",
                "message",
                "psr-7",
                "request",
                "response",
                "stream",
                "uri",
                "url"
            ],
            "support": {
                "issues": "https://github.com/guzzle/psr7/issues",
                "source": "https://github.com/guzzle/psr7/tree/2.8.0"
            },
            "funding": [
                {
                    "url": "https://github.com/GrahamCampbell",
                    "type": "github"
                },
                {
                    "url": "https://github.com/Nyholm",
                    "type": "github"
                },
                {
                    "url": "https://tidelift.com/funding/github/packagist/guzzlehttp/psr7",
                    "type": "tidelift"
                }
            ],
            "time": "2025-08-23T21:21:41+00:00"
        },
        {
            "name": "minishlink/web-push",
            "version": "v10.0.1",
            "source": {
                "type": "git",
                "url": "https://github.com/web-push-libs/web-push-php.git",
                "reference": "08463189d3501cbd78a8625c87ab6680a7397aad"
            },
            "dist": {
                "type": "zip",
                "url": "https://api.github.com/repos/web-push-libs/web-push-php/zipball/08463189d3501cbd78a8625c87ab6680a7397aad",
                "reference": "08463189d3501cbd78a8625c87ab6680a7397aad",
                "shasum": ""
            },
            "require": {
                "ext-curl": "*",
                "ext-json": "*",
                "ext-mbstring": "*",
                "ext-openssl": "*",
                "guzzlehttp/guzzle": "^7.9.2",
                "php": ">=8.2",
                "spomky-labs/base64url": "^2.0.4",
                "web-token/jwt-library": "^3.4.9|^4.0.6"
            },
            "require-dev": {
                "friendsofphp/php-cs-fixer": "^v3.91.3",
                "phpstan/phpstan": "^2.1.33",
                "phpstan/phpstan-strict-rules": "^2.0",
                "phpunit/phpunit": "^11.5.46|^12.5.2",
                "symfony/polyfill-iconv": "^1.33"
            },
            "suggest": {
                "ext-bcmath": "Optional for performance.",
                "ext-gmp": "Optional for performance."
            },
            "type": "library",
            "autoload": {
                "psr-4": {
                    "Minishlink\\WebPush\\": "src"
                }
            },
            "notification-url": "https://packagist.org/downloads/",
            "license": [
                "MIT"
            ],
            "authors": [
                {
                    "name": "Louis Lagrange",
                    "email": "lagrange.louis@gmail.com",
                    "homepage": "https://github.com/Minishlink"
                }
            ],
            "description": "Web Push library for PHP",
            "homepage": "https://github.com/web-push-libs/web-push-php",
            "keywords": [
                "Push API",
                "WebPush",
                "notifications",
                "push",
                "web"
            ],
            "support": {
                "issues": "https://github.com/web-push-libs/web-push-php/issues",
                "source": "https://github.com/web-push-libs/web-push-php/tree/v10.0.1"
            },
            "time": "2025-12-15T10:04:28+00:00"
        },
        {
            "name": "psr/clock",
            "version": "1.0.0",
            "source": {
                "type": "git",
                "url": "https://github.com/php-fig/clock.git",
                "reference": "e41a24703d4560fd0acb709162f73b8adfc3aa0d"
            },
            "dist": {
                "type": "zip",
                "url": "https://api.github.com/repos/php-fig/clock/zipball/e41a24703d4560fd0acb709162f73b8adfc3aa0d",
                "reference": "e41a24703d4560fd0acb709162f73b8adfc3aa0d",
                "shasum": ""
            },
            "require": {
                "php": "^7.0 || ^8.0"
            },
            "type": "library",
            "autoload": {
                "psr-4": {
                    "Psr\\Clock\\": "src/"
                }
            },
            "notification-url": "https://packagist.org/downloads/",
            "license": [
                "MIT"
            ],
            "authors": [
                {
                    "name": "PHP-FIG",
                    "homepage": "https://www.php-fig.org/"
                }
            ],
            "description": "Common interface for reading the clock.",
            "homepage": "https://github.com/php-fig/clock",
            "keywords": [
                "clock",
                "now",
                "psr",
                "psr-20",
                "time"
            ],
            "support": {
                "issues": "https://github.com/php-fig/clock/issues",
                "source": "https://github.com/php-fig/clock/tree/1.0.0"
            },
            "time": "2022-11-25T14:36:26+00:00"
        },
        {
            "name": "psr/http-client",
            "version": "1.0.3",
            "source": {
                "type": "git",
                "url": "https://github.com/php-fig/http-client.git",
                "reference": "bb5906edc1c324c9a05aa0873d40117941e5fa90"
            },
            "dist": {
                "type": "zip",
                "url": "https://api.github.com/repos/php-fig/http-client/zipball/bb5906edc1c324c9a05aa0873d40117941e5fa90",
                "reference": "bb5906edc1c324c9a05aa0873d40117941e5fa90",
                "shasum": ""
            },
            "require": {
                "php": "^7.0 || ^8.0",
                "psr/http-message": "^1.0 || ^2.0"
            },
            "type": "library",
            "extra": {
                "branch-alias": {
                    "dev-master": "1.0.x-dev"
                }
            },
            "autoload": {
                "psr-4": {
                    "Psr\\Http\\Client\\": "src/"
                }
            },
            "notification-url": "https://packagist.org/downloads/",
            "license": [
                "MIT"
            ],
            "authors": [
                {
                    "name": "PHP-FIG",
                    "homepage": "https://www.php-fig.org/"
                }
            ],
            "description": "Common interface for HTTP clients",
            "homepage": "https://github.com/php-fig/http-client",
            "keywords": [
                "http",
                "http-client",
                "psr",
                "psr-18"
            ],
            "support": {
                "source": "https://github.com/php-fig/http-client"
            },
            "time": "2023-09-23T14:17:50+00:00"
        },
        {
            "name": "psr/http-factory",
            "version": "1.1.0",
            "source": {
                "type": "git",
                "url": "https://github.com/php-fig/http-factory.git",
                "reference": "2b4765fddfe3b508ac62f829e852b1501d3f6e8a"
            },
            "dist": {
                "type": "zip",
                "url": "https://api.github.com/repos/php-fig/http-factory/zipball/2b4765fddfe3b508ac62f829e852b1501d3f6e8a",
                "reference": "2b4765fddfe3b508ac62f829e852b1501d3f6e8a",
                "shasum": ""
            },
            "require": {
                "php": ">=7.1",
                "psr/http-message": "^1.0 || ^2.0"
            },
            "type": "library",
            "extra": {
                "branch-alias": {
                    "dev-master": "1.0.x-dev"
                }
            },
            "autoload": {
                "psr-4": {
                    "Psr\\Http\\Message\\": "src/"
                }
            },
            "notification-url": "https://packagist.org/downloads/",
            "license": [
                "MIT"
            ],
            "authors": [
                {
                    "name": "PHP-FIG",
                    "homepage": "https://www.php-fig.org/"
                }
            ],
            "description": "PSR-17: Common interfaces for PSR-7 HTTP message factories",
            "keywords": [
                "factory",
                "http",
                "message",
                "psr",
                "psr-17",
                "psr-7",
                "request",
                "response"
            ],
            "support": {
                "source": "https://github.com/php-fig/http-factory"
            },
            "time": "2024-04-15T12:06:14+00:00"
        },
        {
            "name": "psr/http-message",
            "version": "2.0",
            "source": {
                "type": "git",
                "url": "https://github.com/php-fig/http-message.git",
                "reference": "402d35bcb92c70c026d1a6a9883f06b2ead23d71"
            },
            "dist": {
                "type": "zip",
                "url": "https://api.github.com/repos/php-fig/http-message/zipball/402d35bcb92c70c026d1a6a9883f06b2ead23d71",
                "reference": "402d35bcb92c70c026d1a6a9883f06b2ead23d71",
                "shasum": ""
            },
            "require": {
                "php": "^7.2 || ^8.0"
            },
            "type": "library",
            "extra": {
                "branch-alias": {
                    "dev-master": "2.0.x-dev"
                }
            },
            "autoload": {
                "psr-4": {
                    "Psr\\Http\\Message\\": "src/"
                }
            },
            "notification-url": "https://packagist.org/downloads/",
            "license": [
                "MIT"
            ],
            "authors": [
                {
                    "name": "PHP-FIG",
                    "homepage": "https://www.php-fig.org/"
                }
            ],
            "description": "Common interface for HTTP messages",
            "homepage": "https://github.com/php-fig/http-message",
            "keywords": [
                "http",
                "http-message",
                "psr",
                "psr-7",
                "request",
                "response"
            ],
            "support": {
                "source": "https://github.com/php-fig/http-message/tree/2.0"
            },
            "time": "2023-04-04T09:54:51+00:00"
        },
        {
            "name": "ralouphie/getallheaders",
            "version": "3.0.3",
            "source": {
                "type": "git",
                "url": "https://github.com/ralouphie/getallheaders.git",
                "reference": "120b605dfeb996808c31b6477290a714d356e822"
            },
            "dist": {
                "type": "zip",
                "url": "https://api.github.com/repos/ralouphie/getallheaders/zipball/120b605dfeb996808c31b6477290a714d356e822",
                "reference": "120b605dfeb996808c31b6477290a714d356e822",
                "shasum": ""
            },
            "require": {
                "php": ">=5.6"
            },
            "require-dev": {
                "php-coveralls/php-coveralls": "^2.1",
                "phpunit/phpunit": "^5 || ^6.5"
            },
            "type": "library",
            "autoload": {
                "files": [
                    "src/getallheaders.php"
                ]
            },
            "notification-url": "https://packagist.org/downloads/",
            "license": [
                "MIT"
            ],
            "authors": [
                {
                    "name": "Ralph Khattar",
                    "email": "ralph.khattar@gmail.com"
                }
            ],
            "description": "A polyfill for getallheaders.",
            "support": {
                "issues": "https://github.com/ralouphie/getallheaders/issues",
                "source": "https://github.com/ralouphie/getallheaders/tree/develop"
            },
            "time": "2019-03-08T08:55:37+00:00"
        },
        {
            "name": "spomky-labs/base64url",
            "version": "v2.0.4",
            "source": {
                "type": "git",
                "url": "https://github.com/Spomky-Labs/base64url.git",
                "reference": "7752ce931ec285da4ed1f4c5aa27e45e097be61d"
            },
            "dist": {
                "type": "zip",
                "url": "https://api.github.com/repos/Spomky-Labs/base64url/zipball/7752ce931ec285da4ed1f4c5aa27e45e097be61d",
                "reference": "7752ce931ec285da4ed1f4c5aa27e45e097be61d",
                "shasum": ""
            },
            "require": {
                "php": ">=7.1"
            },
            "require-dev": {
                "phpstan/extension-installer": "^1.0",
                "phpstan/phpstan": "^0.11|^0.12",
                "phpstan/phpstan-beberlei-assert": "^0.11|^0.12",
                "phpstan/phpstan-deprecation-rules": "^0.11|^0.12",
                "phpstan/phpstan-phpunit": "^0.11|^0.12",
                "phpstan/phpstan-strict-rules": "^0.11|^0.12"
            },
            "type": "library",
            "autoload": {
                "psr-4": {
                    "Base64Url\\": "src/"
                }
            },
            "notification-url": "https://packagist.org/downloads/",
            "license": [
                "MIT"
            ],
            "authors": [
                {
                    "name": "Florent Morselli",
                    "homepage": "https://github.com/Spomky-Labs/base64url/contributors"
                }
            ],
            "description": "Base 64 URL Safe Encoding/Decoding PHP Library",
            "homepage": "https://github.com/Spomky-Labs/base64url",
            "keywords": [
                "base64",
                "rfc4648",
                "safe",
                "url"
            ],
            "support": {
                "issues": "https://github.com/Spomky-Labs/base64url/issues",
                "source": "https://github.com/Spomky-Labs/base64url/tree/v2.0.4"
            },
            "funding": [
                {
                    "url": "https://github.com/Spomky",
                    "type": "github"
                },
                {
                    "url": "https://www.patreon.com/FlorentMorselli",
                    "type": "patreon"
                }
            ],
            "time": "2020-11-03T09:10:25+00:00"
        },
        {
            "name": "spomky-labs/pki-framework",
            "version": "1.4.1",
            "source": {
                "type": "git",
                "url": "https://github.com/Spomky-Labs/pki-framework.git",
                "reference": "f0e9a548df4e3942886adc9b7830581a46334631"
            },
            "dist": {
                "type": "zip",
                "url": "https://api.github.com/repos/Spomky-Labs/pki-framework/zipball/f0e9a548df4e3942886adc9b7830581a46334631",
                "reference": "f0e9a548df4e3942886adc9b7830581a46334631",
                "shasum": ""
            },
            "require": {
                "brick/math": "^0.10|^0.11|^0.12|^0.13|^0.14",
                "ext-mbstring": "*",
                "php": ">=8.1"
            },
            "require-dev": {
                "ekino/phpstan-banned-code": "^1.0|^2.0|^3.0",
                "ext-gmp": "*",
                "ext-openssl": "*",
                "infection/infection": "^0.28|^0.29|^0.31",
                "php-parallel-lint/php-parallel-lint": "^1.3",
                "phpstan/extension-installer": "^1.3|^2.0",
                "phpstan/phpstan": "^1.8|^2.0",
                "phpstan/phpstan-deprecation-rules": "^1.0|^2.0",
                "phpstan/phpstan-phpunit": "^1.1|^2.0",
                "phpstan/phpstan-strict-rules": "^1.3|^2.0",
                "phpunit/phpunit": "^10.1|^11.0|^12.0",
                "rector/rector": "^1.0|^2.0",
                "roave/security-advisories": "dev-latest",
                "symfony/string": "^6.4|^7.0|^8.0",
                "symfony/var-dumper": "^6.4|^7.0|^8.0",
                "symplify/easy-coding-standard": "^12.0"
            },
            "suggest": {
                "ext-bcmath": "For better performance (or GMP)",
                "ext-gmp": "For better performance (or BCMath)",
                "ext-openssl": "For OpenSSL based cyphering"
            },
            "type": "library",
            "autoload": {
                "psr-4": {
                    "SpomkyLabs\\Pki\\": "src/"
                }
            },
            "notification-url": "https://packagist.org/downloads/",
            "license": [
                "MIT"
            ],
            "authors": [
                {
                    "name": "Joni Eskelinen",
                    "email": "jonieske@gmail.com",
                    "role": "Original developer"
                },
                {
                    "name": "Florent Morselli",
                    "email": "florent.morselli@spomky-labs.com",
                    "role": "Spomky-Labs PKI Framework developer"
                }
            ],
            "description": "A PHP framework for managing Public Key Infrastructures. It comprises X.509 public key certificates, attribute certificates, certification requests and certification path validation.",
            "homepage": "https://github.com/spomky-labs/pki-framework",
            "keywords": [
                "DER",
                "Private Key",
                "ac",
                "algorithm identifier",
                "asn.1",
                "asn1",
                "attribute certificate",
                "certificate",
                "certification request",
                "cryptography",
                "csr",
                "decrypt",
                "ec",
                "encrypt",
                "pem",
                "pkcs",
                "public key",
                "rsa",
                "sign",
                "signature",
                "verify",
                "x.509",
                "x.690",
                "x509",
                "x690"
            ],
            "support": {
                "issues": "https://github.com/Spomky-Labs/pki-framework/issues",
                "source": "https://github.com/Spomky-Labs/pki-framework/tree/1.4.1"
            },
            "funding": [
                {
                    "url": "https://github.com/Spomky",
                    "type": "github"
                },
                {
                    "url": "https://www.patreon.com/FlorentMorselli",
                    "type": "patreon"
                }
            ],
            "time": "2025-12-20T12:57:40+00:00"
        },
        {
            "name": "symfony/deprecation-contracts",
            "version": "v3.6.0",
            "source": {
                "type": "git",
                "url": "https://github.com/symfony/deprecation-contracts.git",
                "reference": "63afe740e99a13ba87ec199bb07bbdee937a5b62"
            },
            "dist": {
                "type": "zip",
                "url": "https://api.github.com/repos/symfony/deprecation-contracts/zipball/63afe740e99a13ba87ec199bb07bbdee937a5b62",
                "reference": "63afe740e99a13ba87ec199bb07bbdee937a5b62",
                "shasum": ""
            },
            "require": {
                "php": ">=8.1"
            },
            "type": "library",
            "extra": {
                "thanks": {
                    "url": "https://github.com/symfony/contracts",
                    "name": "symfony/contracts"
                },
                "branch-alias": {
                    "dev-main": "3.6-dev"
                }
            },
            "autoload": {
                "files": [
                    "function.php"
                ]
            },
            "notification-url": "https://packagist.org/downloads/",
            "license": [
                "MIT"
            ],
            "authors": [
                {
                    "name": "Nicolas Grekas",
                    "email": "p@tchwork.com"
                },
                {
                    "name": "Symfony Community",
                    "homepage": "https://symfony.com/contributors"
                }
            ],
            "description": "A generic function and convention to trigger deprecation notices",
            "homepage": "https://symfony.com",
            "support": {
                "source": "https://github.com/symfony/deprecation-contracts/tree/v3.6.0"
            },
            "funding": [
                {
                    "url": "https://symfony.com/sponsor",
                    "type": "custom"
                },
                {
                    "url": "https://github.com/fabpot",
                    "type": "github"
                },
                {
                    "url": "https://tidelift.com/funding/github/packagist/symfony/symfony",
                    "type": "tidelift"
                }
            ],
            "time": "2024-09-25T14:21:43+00:00"
        },
        {
            "name": "web-token/jwt-library",
            "version": "4.1.3",
            "source": {
                "type": "git",
                "url": "https://github.com/web-token/jwt-library.git",
                "reference": "690d4dd47b78f423cb90457f858e4106e1deb728"
            },
            "dist": {
                "type": "zip",
                "url": "https://api.github.com/repos/web-token/jwt-library/zipball/690d4dd47b78f423cb90457f858e4106e1deb728",
                "reference": "690d4dd47b78f423cb90457f858e4106e1deb728",
                "shasum": ""
            },
            "require": {
                "brick/math": "^0.12|^0.13|^0.14",
                "php": ">=8.2",
                "psr/clock": "^1.0",
                "spomky-labs/pki-framework": "^1.2.1"
            },
            "conflict": {
                "spomky-labs/jose": "*"
            },
            "suggest": {
                "ext-bcmath": "GMP or BCMath is highly recommended to improve the library performance",
                "ext-gmp": "GMP or BCMath is highly recommended to improve the library performance",
                "ext-openssl": "For key management (creation, optimization, etc.) and some algorithms (AES, RSA, ECDSA, etc.)",
                "ext-sodium": "Sodium is required for OKP key creation, EdDSA signature algorithm and ECDH-ES key encryption with OKP keys",
                "paragonie/sodium_compat": "Sodium is required for OKP key creation, EdDSA signature algorithm and ECDH-ES key encryption with OKP keys",
                "spomky-labs/aes-key-wrap": "For all Key Wrapping algorithms (AxxxKW, AxxxGCMKW, PBES2-HSxxx+AyyyKW...)",
                "symfony/console": "Needed to use console commands",
                "symfony/http-client": "To enable JKU/X5U support."
            },
            "type": "library",
            "autoload": {
                "psr-4": {
                    "Jose\\Component\\": ""
                }
            },
            "notification-url": "https://packagist.org/downloads/",
            "license": [
                "MIT"
            ],
            "authors": [
                {
                    "name": "Florent Morselli",
                    "homepage": "https://github.com/Spomky"
                },
                {
                    "name": "All contributors",
                    "homepage": "https://github.com/web-token/jwt-framework/contributors"
                }
            ],
            "description": "JWT library",
            "homepage": "https://github.com/web-token",
            "keywords": [
                "JOSE",
                "JWE",
                "JWK",
                "JWKSet",
                "JWS",
                "Jot",
                "RFC7515",
                "RFC7516",
                "RFC7517",
                "RFC7518",
                "RFC7519",
                "RFC7520",
                "bundle",
                "jwa",
                "jwt",
                "symfony"
            ],
            "support": {
                "issues": "https://github.com/web-token/jwt-library/issues",
                "source": "https://github.com/web-token/jwt-library/tree/4.1.3"
            },
            "funding": [
                {
                    "url": "https://github.com/Spomky",
                    "type": "github"
                },
                {
                    "url": "https://www.patreon.com/FlorentMorselli",
                    "type": "patreon"
                }
            ],
            "time": "2025-12-18T14:27:35+00:00"
        }
    ],
    "packages-dev": [],
    "aliases": [],
    "minimum-stability": "stable",
    "stability-flags": {},
    "prefer-stable": false,
    "prefer-lowest": false,
    "platform": {},
    "platform-dev": {},
    "platform-overrides": {
        "php": "8.2"
    },
    "plugin-api-version": "2.6.0"
}
