{
    "_readme": [
        "This file locks the dependencies of your project to a known state",
        "Read more about it at https://getcomposer.org/doc/01-basic-usage.md#installing-dependencies",
        "This file is @generated automatically"
    ],
    "content-hash": "74255cf49ab5bb2840e7b69cf23df474",
    "packages": [
        {
            "name": "bamarni/composer-bin-plugin",
            "version": "1.9.1",
            "source": {
                "type": "git",
                "url": "https://github.com/bamarni/composer-bin-plugin.git",
                "reference": "641d0663f5ac270b1aeec4337b7856f76204df47"
            },
            "dist": {
                "type": "zip",
                "url": "https://api.github.com/repos/bamarni/composer-bin-plugin/zipball/641d0663f5ac270b1aeec4337b7856f76204df47",
                "reference": "641d0663f5ac270b1aeec4337b7856f76204df47",
                "shasum": ""
            },
            "require": {
                "composer-plugin-api": "^2.0",
                "php": "^7.2.5 || ^8.0"
            },
            "require-dev": {
                "composer/composer": "^2.2.26",
                "ext-json": "*",
                "phpstan/extension-installer": "^1.1",
                "phpstan/phpstan": "^1.8 || ^2.0",
                "phpstan/phpstan-phpunit": "^1.1 || ^2.0",
                "phpunit/phpunit": "^8.5 || ^9.6 || ^10.0",
                "symfony/console": "^2.8.52 || ^3.4.35 || ^4.4 || ^5.0 || ^6.0",
                "symfony/finder": "^2.8.52 || ^3.4.35 || ^4.4 || ^5.0 || ^6.0",
                "symfony/process": "^2.8.52 || ^3.4.35 || ^4.4 || ^5.0 || ^6.0"
            },
            "type": "composer-plugin",
            "extra": {
                "class": "Bamarni\\Composer\\Bin\\BamarniBinPlugin"
            },
            "autoload": {
                "psr-4": {
                    "Bamarni\\Composer\\Bin\\": "src"
                }
            },
            "notification-url": "https://packagist.org/downloads/",
            "license": [
                "MIT"
            ],
            "description": "No conflicts for your bin dependencies",
            "keywords": [
                "composer",
                "conflict",
                "dependency",
                "executable",
                "isolation",
                "tool"
            ],
            "support": {
                "issues": "https://github.com/bamarni/composer-bin-plugin/issues",
                "source": "https://github.com/bamarni/composer-bin-plugin/tree/1.9.1"
            },
            "time": "2026-02-04T10:18:12+00:00"
        },
        {
            "name": "brick/math",
            "version": "0.17.2",
            "source": {
                "type": "git",
                "url": "https://github.com/brick/math.git",
                "reference": "8189e751995f9e15729c1aa2f89fa8f166ffe818"
            },
            "dist": {
                "type": "zip",
                "url": "https://api.github.com/repos/brick/math/zipball/8189e751995f9e15729c1aa2f89fa8f166ffe818",
                "reference": "8189e751995f9e15729c1aa2f89fa8f166ffe818",
                "shasum": ""
            },
            "require": {
                "php": "^8.2"
            },
            "require-dev": {
                "phpstan/phpstan": "2.1.22",
                "phpunit/phpunit": "^11.5"
            },
            "type": "library",
            "autoload": {
                "psr-4": {
                    "Brick\\Math\\": "src/"
                }
            },
            "notification-url": "https://packagist.org/downloads/",
            "license": [
                "MIT"
            ],
            "description": "Arbitrary-precision arithmetic library",
            "keywords": [
                "Arbitrary-precision",
                "BigInteger",
                "BigRational",
                "arithmetic",
                "bigdecimal",
                "bignum",
                "bignumber",
                "brick",
                "decimal",
                "integer",
                "math",
                "mathematics",
                "rational"
            ],
            "support": {
                "issues": "https://github.com/brick/math/issues",
                "source": "https://github.com/brick/math/tree/0.17.2"
            },
            "funding": [
                {
                    "url": "https://github.com/BenMorel",
                    "type": "github"
                }
            ],
            "time": "2026-05-25T20:34:43+00:00"
        },
        {
            "name": "minishlink/web-push",
            "version": "v11.0.0",
            "source": {
                "type": "git",
                "url": "https://github.com/web-push-libs/web-push-php.git",
                "reference": "f8410afb73486ab895bb4792b879bdca62025b47"
            },
            "dist": {
                "type": "zip",
                "url": "https://api.github.com/repos/web-push-libs/web-push-php/zipball/f8410afb73486ab895bb4792b879bdca62025b47",
                "reference": "f8410afb73486ab895bb4792b879bdca62025b47",
                "shasum": ""
            },
            "require": {
                "ext-curl": "*",
                "ext-json": "*",
                "ext-mbstring": "*",
                "ext-openssl": "*",
                "php": ">=8.2",
                "php-http/discovery": "^1.19",
                "php-http/httplug": "^2.4",
                "psr/http-client": "^1.0",
                "psr/http-factory": "^1.0",
                "psr/http-message": "^1.1|^2.0",
                "psr/log": "^2.0|^3.0",
                "spomky-labs/base64url": "^2.0.4",
                "symfony/polyfill-php83": "^1.33",
                "web-token/jwt-library": "^3.4.9|^4.0.6"
            },
            "require-dev": {
                "friendsofphp/php-cs-fixer": "^v3.92.2",
                "guzzlehttp/guzzle": "^7.9.2",
                "guzzlehttp/psr7": "^2.7",
                "php-http/guzzle7-adapter": "^1.1",
                "phpstan/phpstan": "^2.1.33",
                "phpstan/phpstan-deprecation-rules": "^2.0",
                "phpstan/phpstan-phpunit": "^2.0",
                "phpstan/phpstan-strict-rules": "^2.0",
                "phpunit/phpunit": "^11.5.46|^12.5.2",
                "symfony/polyfill-iconv": "^1.33"
            },
            "suggest": {
                "ext-bcmath": "Optional for performance.",
                "ext-gmp": "Optional for performance.",
                "php-http/guzzle7-adapter": "Enables concurrent sending via WebPush::flushPooled() if you use Guzzle."
            },
            "type": "library",
            "autoload": {
                "psr-4": {
                    "Minishlink\\WebPush\\": "src"
                }
            },
            "notification-url": "https://packagist.org/downloads/",
            "license": [
                "MIT"
            ],
            "authors": [
                {
                    "name": "Louis Lagrange",
                    "email": "lagrange.louis@gmail.com",
                    "homepage": "https://github.com/Minishlink"
                }
            ],
            "description": "Web Push library for PHP",
            "homepage": "https://github.com/web-push-libs/web-push-php",
            "keywords": [
                "Push API",
                "WebPush",
                "notifications",
                "push",
                "web"
            ],
            "support": {
                "issues": "https://github.com/web-push-libs/web-push-php/issues",
                "source": "https://github.com/web-push-libs/web-push-php/tree/v11.0.0"
            },
            "time": "2026-07-23T16:10:05+00:00"
        },
        {
            "name": "php-http/discovery",
            "version": "1.20.0",
            "source": {
                "type": "git",
                "url": "https://github.com/php-http/discovery.git",
                "reference": "82fe4c73ef3363caed49ff8dd1539ba06044910d"
            },
            "dist": {
                "type": "zip",
                "url": "https://api.github.com/repos/php-http/discovery/zipball/82fe4c73ef3363caed49ff8dd1539ba06044910d",
                "reference": "82fe4c73ef3363caed49ff8dd1539ba06044910d",
                "shasum": ""
            },
            "require": {
                "composer-plugin-api": "^1.0|^2.0",
                "php": "^7.1 || ^8.0"
            },
            "conflict": {
                "nyholm/psr7": "<1.0",
                "zendframework/zend-diactoros": "*"
            },
            "provide": {
                "php-http/async-client-implementation": "*",
                "php-http/client-implementation": "*",
                "psr/http-client-implementation": "*",
                "psr/http-factory-implementation": "*",
                "psr/http-message-implementation": "*"
            },
            "require-dev": {
                "composer/composer": "^1.0.2|^2.0",
                "graham-campbell/phpspec-skip-example-extension": "^5.0",
                "php-http/httplug": "^1.0 || ^2.0",
                "php-http/message-factory": "^1.0",
                "phpspec/phpspec": "^5.1 || ^6.1 || ^7.3",
                "sebastian/comparator": "^3.0.5 || ^4.0.8",
                "symfony/phpunit-bridge": "^6.4.4 || ^7.0.1"
            },
            "type": "composer-plugin",
            "extra": {
                "class": "Http\\Discovery\\Composer\\Plugin",
                "plugin-optional": true
            },
            "autoload": {
                "psr-4": {
                    "Http\\Discovery\\": "src/"
                },
                "exclude-from-classmap": [
                    "src/Composer/Plugin.php"
                ]
            },
            "notification-url": "https://packagist.org/downloads/",
            "license": [
                "MIT"
            ],
            "authors": [
                {
                    "name": "Márk Sági-Kazár",
                    "email": "mark.sagikazar@gmail.com"
                }
            ],
            "description": "Finds and installs PSR-7, PSR-17, PSR-18 and HTTPlug implementations",
            "homepage": "http://php-http.org",
            "keywords": [
                "adapter",
                "client",
                "discovery",
                "factory",
                "http",
                "message",
                "psr17",
                "psr7"
            ],
            "support": {
                "issues": "https://github.com/php-http/discovery/issues",
                "source": "https://github.com/php-http/discovery/tree/1.20.0"
            },
            "time": "2024-10-02T11:20:13+00:00"
        },
        {
            "name": "php-http/httplug",
            "version": "2.4.1",
            "source": {
                "type": "git",
                "url": "https://github.com/php-http/httplug.git",
                "reference": "5cad731844891a4c282f3f3e1b582c46839d22f4"
            },
            "dist": {
                "type": "zip",
                "url": "https://api.github.com/repos/php-http/httplug/zipball/5cad731844891a4c282f3f3e1b582c46839d22f4",
                "reference": "5cad731844891a4c282f3f3e1b582c46839d22f4",
                "shasum": ""
            },
            "require": {
                "php": "^7.1 || ^8.0",
                "php-http/promise": "^1.1",
                "psr/http-client": "^1.0",
                "psr/http-message": "^1.0 || ^2.0"
            },
            "require-dev": {
                "friends-of-phpspec/phpspec-code-coverage": "^4.1 || ^5.0 || ^6.0",
                "phpspec/phpspec": "^5.1 || ^6.0 || ^7.0"
            },
            "type": "library",
            "autoload": {
                "psr-4": {
                    "Http\\Client\\": "src/"
                }
            },
            "notification-url": "https://packagist.org/downloads/",
            "license": [
                "MIT"
            ],
            "authors": [
                {
                    "name": "Eric GELOEN",
                    "email": "geloen.eric@gmail.com"
                },
                {
                    "name": "Márk Sági-Kazár",
                    "email": "mark.sagikazar@gmail.com",
                    "homepage": "https://sagikazarmark.hu"
                }
            ],
            "description": "HTTPlug, the HTTP client abstraction for PHP",
            "homepage": "http://httplug.io",
            "keywords": [
                "client",
                "http"
            ],
            "support": {
                "issues": "https://github.com/php-http/httplug/issues",
                "source": "https://github.com/php-http/httplug/tree/2.4.1"
            },
            "time": "2024-09-23T11:39:58+00:00"
        },
        {
            "name": "php-http/promise",
            "version": "1.3.1",
            "source": {
                "type": "git",
                "url": "https://github.com/php-http/promise.git",
                "reference": "fc85b1fba37c169a69a07ef0d5a8075770cc1f83"
            },
            "dist": {
                "type": "zip",
                "url": "https://api.github.com/repos/php-http/promise/zipball/fc85b1fba37c169a69a07ef0d5a8075770cc1f83",
                "reference": "fc85b1fba37c169a69a07ef0d5a8075770cc1f83",
                "shasum": ""
            },
            "require": {
                "php": "^7.1 || ^8.0"
            },
            "require-dev": {
                "friends-of-phpspec/phpspec-code-coverage": "^4.3.2 || ^6.3",
                "phpspec/phpspec": "^5.1.2 || ^6.2 || ^7.4"
            },
            "type": "library",
            "autoload": {
                "psr-4": {
                    "Http\\Promise\\": "src/"
                }
            },
            "notification-url": "https://packagist.org/downloads/",
            "license": [
                "MIT"
            ],
            "authors": [
                {
                    "name": "Joel Wurtz",
                    "email": "joel.wurtz@gmail.com"
                },
                {
                    "name": "Márk Sági-Kazár",
                    "email": "mark.sagikazar@gmail.com"
                }
            ],
            "description": "Promise used for asynchronous HTTP requests",
            "homepage": "http://httplug.io",
            "keywords": [
                "promise"
            ],
            "support": {
                "issues": "https://github.com/php-http/promise/issues",
                "source": "https://github.com/php-http/promise/tree/1.3.1"
            },
            "time": "2024-03-15T13:55:21+00:00"
        },
        {
            "name": "psr/clock",
            "version": "1.0.0",
            "source": {
                "type": "git",
                "url": "https://github.com/php-fig/clock.git",
                "reference": "e41a24703d4560fd0acb709162f73b8adfc3aa0d"
            },
            "dist": {
                "type": "zip",
                "url": "https://api.github.com/repos/php-fig/clock/zipball/e41a24703d4560fd0acb709162f73b8adfc3aa0d",
                "reference": "e41a24703d4560fd0acb709162f73b8adfc3aa0d",
                "shasum": ""
            },
            "require": {
                "php": "^7.0 || ^8.0"
            },
            "type": "library",
            "autoload": {
                "psr-4": {
                    "Psr\\Clock\\": "src/"
                }
            },
            "notification-url": "https://packagist.org/downloads/",
            "license": [
                "MIT"
            ],
            "authors": [
                {
                    "name": "PHP-FIG",
                    "homepage": "https://www.php-fig.org/"
                }
            ],
            "description": "Common interface for reading the clock.",
            "homepage": "https://github.com/php-fig/clock",
            "keywords": [
                "clock",
                "now",
                "psr",
                "psr-20",
                "time"
            ],
            "support": {
                "issues": "https://github.com/php-fig/clock/issues",
                "source": "https://github.com/php-fig/clock/tree/1.0.0"
            },
            "time": "2022-11-25T14:36:26+00:00"
        },
        {
            "name": "psr/http-client",
            "version": "1.0.3",
            "source": {
                "type": "git",
                "url": "https://github.com/php-fig/http-client.git",
                "reference": "bb5906edc1c324c9a05aa0873d40117941e5fa90"
            },
            "dist": {
                "type": "zip",
                "url": "https://api.github.com/repos/php-fig/http-client/zipball/bb5906edc1c324c9a05aa0873d40117941e5fa90",
                "reference": "bb5906edc1c324c9a05aa0873d40117941e5fa90",
                "shasum": ""
            },
            "require": {
                "php": "^7.0 || ^8.0",
                "psr/http-message": "^1.0 || ^2.0"
            },
            "type": "library",
            "extra": {
                "branch-alias": {
                    "dev-master": "1.0.x-dev"
                }
            },
            "autoload": {
                "psr-4": {
                    "Psr\\Http\\Client\\": "src/"
                }
            },
            "notification-url": "https://packagist.org/downloads/",
            "license": [
                "MIT"
            ],
            "authors": [
                {
                    "name": "PHP-FIG",
                    "homepage": "https://www.php-fig.org/"
                }
            ],
            "description": "Common interface for HTTP clients",
            "homepage": "https://github.com/php-fig/http-client",
            "keywords": [
                "http",
                "http-client",
                "psr",
                "psr-18"
            ],
            "support": {
                "source": "https://github.com/php-fig/http-client"
            },
            "time": "2023-09-23T14:17:50+00:00"
        },
        {
            "name": "psr/http-factory",
            "version": "1.1.0",
            "source": {
                "type": "git",
                "url": "https://github.com/php-fig/http-factory.git",
                "reference": "2b4765fddfe3b508ac62f829e852b1501d3f6e8a"
            },
            "dist": {
                "type": "zip",
                "url": "https://api.github.com/repos/php-fig/http-factory/zipball/2b4765fddfe3b508ac62f829e852b1501d3f6e8a",
                "reference": "2b4765fddfe3b508ac62f829e852b1501d3f6e8a",
                "shasum": ""
            },
            "require": {
                "php": ">=7.1",
                "psr/http-message": "^1.0 || ^2.0"
            },
            "type": "library",
            "extra": {
                "branch-alias": {
                    "dev-master": "1.0.x-dev"
                }
            },
            "autoload": {
                "psr-4": {
                    "Psr\\Http\\Message\\": "src/"
                }
            },
            "notification-url": "https://packagist.org/downloads/",
            "license": [
                "MIT"
            ],
            "authors": [
                {
                    "name": "PHP-FIG",
                    "homepage": "https://www.php-fig.org/"
                }
            ],
            "description": "PSR-17: Common interfaces for PSR-7 HTTP message factories",
            "keywords": [
                "factory",
                "http",
                "message",
                "psr",
                "psr-17",
                "psr-7",
                "request",
                "response"
            ],
            "support": {
                "source": "https://github.com/php-fig/http-factory"
            },
            "time": "2024-04-15T12:06:14+00:00"
        },
        {
            "name": "psr/http-message",
            "version": "2.0",
            "source": {
                "type": "git",
                "url": "https://github.com/php-fig/http-message.git",
                "reference": "402d35bcb92c70c026d1a6a9883f06b2ead23d71"
            },
            "dist": {
                "type": "zip",
                "url": "https://api.github.com/repos/php-fig/http-message/zipball/402d35bcb92c70c026d1a6a9883f06b2ead23d71",
                "reference": "402d35bcb92c70c026d1a6a9883f06b2ead23d71",
                "shasum": ""
            },
            "require": {
                "php": "^7.2 || ^8.0"
            },
            "type": "library",
            "extra": {
                "branch-alias": {
                    "dev-master": "2.0.x-dev"
                }
            },
            "autoload": {
                "psr-4": {
                    "Psr\\Http\\Message\\": "src/"
                }
            },
            "notification-url": "https://packagist.org/downloads/",
            "license": [
                "MIT"
            ],
            "authors": [
                {
                    "name": "PHP-FIG",
                    "homepage": "https://www.php-fig.org/"
                }
            ],
            "description": "Common interface for HTTP messages",
            "homepage": "https://github.com/php-fig/http-message",
            "keywords": [
                "http",
                "http-message",
                "psr",
                "psr-7",
                "request",
                "response"
            ],
            "support": {
                "source": "https://github.com/php-fig/http-message/tree/2.0"
            },
            "time": "2023-04-04T09:54:51+00:00"
        },
        {
            "name": "psr/log",
            "version": "3.0.2",
            "source": {
                "type": "git",
                "url": "https://github.com/php-fig/log.git",
                "reference": "f16e1d5863e37f8d8c2a01719f5b34baa2b714d3"
            },
            "dist": {
                "type": "zip",
                "url": "https://api.github.com/repos/php-fig/log/zipball/f16e1d5863e37f8d8c2a01719f5b34baa2b714d3",
                "reference": "f16e1d5863e37f8d8c2a01719f5b34baa2b714d3",
                "shasum": ""
            },
            "require": {
                "php": ">=8.0.0"
            },
            "type": "library",
            "extra": {
                "branch-alias": {
                    "dev-master": "3.x-dev"
                }
            },
            "autoload": {
                "psr-4": {
                    "Psr\\Log\\": "src"
                }
            },
            "notification-url": "https://packagist.org/downloads/",
            "license": [
                "MIT"
            ],
            "authors": [
                {
                    "name": "PHP-FIG",
                    "homepage": "https://www.php-fig.org/"
                }
            ],
            "description": "Common interface for logging libraries",
            "homepage": "https://github.com/php-fig/log",
            "keywords": [
                "log",
                "psr",
                "psr-3"
            ],
            "support": {
                "source": "https://github.com/php-fig/log/tree/3.0.2"
            },
            "time": "2024-09-11T13:17:53+00:00"
        },
        {
            "name": "spomky-labs/base64url",
            "version": "v2.0.4",
            "source": {
                "type": "git",
                "url": "https://github.com/Spomky-Labs/base64url.git",
                "reference": "7752ce931ec285da4ed1f4c5aa27e45e097be61d"
            },
            "dist": {
                "type": "zip",
                "url": "https://api.github.com/repos/Spomky-Labs/base64url/zipball/7752ce931ec285da4ed1f4c5aa27e45e097be61d",
                "reference": "7752ce931ec285da4ed1f4c5aa27e45e097be61d",
                "shasum": ""
            },
            "require": {
                "php": ">=7.1"
            },
            "require-dev": {
                "phpstan/extension-installer": "^1.0",
                "phpstan/phpstan": "^0.11|^0.12",
                "phpstan/phpstan-beberlei-assert": "^0.11|^0.12",
                "phpstan/phpstan-deprecation-rules": "^0.11|^0.12",
                "phpstan/phpstan-phpunit": "^0.11|^0.12",
                "phpstan/phpstan-strict-rules": "^0.11|^0.12"
            },
            "type": "library",
            "autoload": {
                "psr-4": {
                    "Base64Url\\": "src/"
                }
            },
            "notification-url": "https://packagist.org/downloads/",
            "license": [
                "MIT"
            ],
            "authors": [
                {
                    "name": "Florent Morselli",
                    "homepage": "https://github.com/Spomky-Labs/base64url/contributors"
                }
            ],
            "description": "Base 64 URL Safe Encoding/Decoding PHP Library",
            "homepage": "https://github.com/Spomky-Labs/base64url",
            "keywords": [
                "base64",
                "rfc4648",
                "safe",
                "url"
            ],
            "support": {
                "issues": "https://github.com/Spomky-Labs/base64url/issues",
                "source": "https://github.com/Spomky-Labs/base64url/tree/v2.0.4"
            },
            "funding": [
                {
                    "url": "https://github.com/Spomky",
                    "type": "github"
                },
                {
                    "url": "https://www.patreon.com/FlorentMorselli",
                    "type": "patreon"
                }
            ],
            "time": "2020-11-03T09:10:25+00:00"
        },
        {
            "name": "spomky-labs/pki-framework",
            "version": "1.6.0",
            "source": {
                "type": "git",
                "url": "https://github.com/Spomky-Labs/pki-framework.git",
                "reference": "80778a25426288acd2e3a7cde2def41a3d59cddf"
            },
            "dist": {
                "type": "zip",
                "url": "https://api.github.com/repos/Spomky-Labs/pki-framework/zipball/80778a25426288acd2e3a7cde2def41a3d59cddf",
                "reference": "80778a25426288acd2e3a7cde2def41a3d59cddf",
                "shasum": ""
            },
            "require": {
                "brick/math": "^0.10|^0.11|^0.12|^0.13|^0.14|^0.15|^0.16|^0.17|^0.18|^0.19",
                "ext-mbstring": "*",
                "php": ">=8.1"
            },
            "require-dev": {
                "ekino/phpstan-banned-code": "^1.0|^2.0|^3.0",
                "ext-gmp": "*",
                "ext-openssl": "*",
                "infection/infection": "^0.28|^0.29|^0.31",
                "php-parallel-lint/php-parallel-lint": "^1.3",
                "phpstan/extension-installer": "^1.3|^2.0",
                "phpstan/phpstan": "^1.8|^2.0",
                "phpstan/phpstan-deprecation-rules": "^1.0|^2.0",
                "phpstan/phpstan-phpunit": "^1.1|^2.0",
                "phpstan/phpstan-strict-rules": "^1.3|^2.0",
                "phpunit/phpunit": "^10.1|^11.0|^12.0",
                "rector/rector": "^1.0|^2.0",
                "roave/security-advisories": "dev-latest",
                "symfony/string": "^6.4|^7.0|^8.0",
                "symfony/var-dumper": "^6.4|^7.0|^8.0",
                "symplify/easy-coding-standard": "^12.0 || ^13.0"
            },
            "suggest": {
                "ext-bcmath": "For better performance (or GMP)",
                "ext-gmp": "For better performance (or BCMath)",
                "ext-openssl": "For OpenSSL based cyphering"
            },
            "type": "library",
            "autoload": {
                "psr-4": {
                    "SpomkyLabs\\Pki\\": "src/"
                }
            },
            "notification-url": "https://packagist.org/downloads/",
            "license": [
                "MIT"
            ],
            "authors": [
                {
                    "name": "Joni Eskelinen",
                    "email": "jonieske@gmail.com",
                    "role": "Original developer"
                },
                {
                    "name": "Florent Morselli",
                    "email": "florent.morselli@spomky-labs.com",
                    "role": "Spomky-Labs PKI Framework developer"
                }
            ],
            "description": "A PHP framework for managing Public Key Infrastructures. It comprises X.509 public key certificates, attribute certificates, certification requests and certification path validation.",
            "homepage": "https://github.com/spomky-labs/pki-framework",
            "keywords": [
                "DER",
                "Private Key",
                "ac",
                "algorithm identifier",
                "asn.1",
                "asn1",
                "attribute certificate",
                "certificate",
                "certification request",
                "cryptography",
                "csr",
                "decrypt",
                "ec",
                "encrypt",
                "pem",
                "pkcs",
                "public key",
                "rsa",
                "sign",
                "signature",
                "verify",
                "x.509",
                "x.690",
                "x509",
                "x690"
            ],
            "support": {
                "issues": "https://github.com/Spomky-Labs/pki-framework/issues",
                "source": "https://github.com/Spomky-Labs/pki-framework/tree/1.6.0"
            },
            "funding": [
                {
                    "url": "https://github.com/Spomky",
                    "type": "github"
                },
                {
                    "url": "https://www.patreon.com/FlorentMorselli",
                    "type": "patreon"
                }
            ],
            "time": "2026-08-06T16:21:11+00:00"
        },
        {
            "name": "symfony/polyfill-php83",
            "version": "v1.41.0",
            "source": {
                "type": "git",
                "url": "https://github.com/symfony/polyfill-php83.git",
                "reference": "5ea99087fb99c273a9b9236ed4c31e78b16103c6"
            },
            "dist": {
                "type": "zip",
                "url": "https://api.github.com/repos/symfony/polyfill-php83/zipball/5ea99087fb99c273a9b9236ed4c31e78b16103c6",
                "reference": "5ea99087fb99c273a9b9236ed4c31e78b16103c6",
                "shasum": ""
            },
            "require": {
                "php": ">=7.2"
            },
            "type": "library",
            "extra": {
                "thanks": {
                    "url": "https://github.com/symfony/polyfill",
                    "name": "symfony/polyfill"
                }
            },
            "autoload": {
                "files": [
                    "bootstrap.php"
                ],
                "psr-4": {
                    "Symfony\\Polyfill\\Php83\\": ""
                },
                "classmap": [
                    "Resources/stubs"
                ]
            },
            "notification-url": "https://packagist.org/downloads/",
            "license": [
                "MIT"
            ],
            "authors": [
                {
                    "name": "Nicolas Grekas",
                    "email": "p@tchwork.com"
                },
                {
                    "name": "Symfony Community",
                    "homepage": "https://symfony.com/contributors"
                }
            ],
            "description": "Symfony polyfill backporting some PHP 8.3+ features to lower PHP versions",
            "homepage": "https://symfony.com",
            "keywords": [
                "compatibility",
                "polyfill",
                "portable",
                "shim"
            ],
            "support": {
                "source": "https://github.com/symfony/polyfill-php83/tree/v1.41.0"
            },
            "funding": [
                {
                    "url": "https://symfony.com/sponsor",
                    "type": "custom"
                },
                {
                    "url": "https://github.com/fabpot",
                    "type": "github"
                },
                {
                    "url": "https://github.com/nicolas-grekas",
                    "type": "github"
                },
                {
                    "url": "https://tidelift.com/funding/github/packagist/symfony/symfony",
                    "type": "tidelift"
                }
            ],
            "time": "2026-07-01T12:47:55+00:00"
        },
        {
            "name": "web-token/jwt-library",
            "version": "4.1.7",
            "source": {
                "type": "git",
                "url": "https://github.com/web-token/jwt-library.git",
                "reference": "fbcbf2c276d04d8b056f5c2957815abd5dfb704d"
            },
            "dist": {
                "type": "zip",
                "url": "https://api.github.com/repos/web-token/jwt-library/zipball/fbcbf2c276d04d8b056f5c2957815abd5dfb704d",
                "reference": "fbcbf2c276d04d8b056f5c2957815abd5dfb704d",
                "shasum": ""
            },
            "require": {
                "brick/math": "^0.12|^0.13|^0.14|^0.15|^0.16|^0.17",
                "php": ">=8.2",
                "psr/clock": "^1.0",
                "spomky-labs/pki-framework": "^1.2.1"
            },
            "conflict": {
                "spomky-labs/jose": "*"
            },
            "suggest": {
                "ext-bcmath": "GMP or BCMath is highly recommended to improve the library performance",
                "ext-gmp": "GMP or BCMath is highly recommended to improve the library performance",
                "ext-openssl": "For key management (creation, optimization, etc.) and some algorithms (AES, RSA, ECDSA, etc.)",
                "ext-sodium": "Sodium is required for OKP key creation, EdDSA signature algorithm and ECDH-ES key encryption with OKP keys",
                "paragonie/sodium_compat": "Sodium is required for OKP key creation, EdDSA signature algorithm and ECDH-ES key encryption with OKP keys",
                "spomky-labs/aes-key-wrap": "For all Key Wrapping algorithms (AxxxKW, AxxxGCMKW, PBES2-HSxxx+AyyyKW...)",
                "symfony/console": "Needed to use console commands",
                "symfony/http-client": "To enable JKU/X5U support."
            },
            "type": "library",
            "autoload": {
                "psr-4": {
                    "Jose\\Component\\": ""
                }
            },
            "notification-url": "https://packagist.org/downloads/",
            "license": [
                "MIT"
            ],
            "authors": [
                {
                    "name": "Florent Morselli",
                    "homepage": "https://github.com/Spomky"
                },
                {
                    "name": "All contributors",
                    "homepage": "https://github.com/web-token/jwt-framework/contributors"
                }
            ],
            "description": "JWT library",
            "homepage": "https://github.com/web-token",
            "keywords": [
                "JOSE",
                "JWE",
                "JWK",
                "JWKSet",
                "JWS",
                "Jot",
                "RFC7515",
                "RFC7516",
                "RFC7517",
                "RFC7518",
                "RFC7519",
                "RFC7520",
                "bundle",
                "jwa",
                "jwt",
                "symfony"
            ],
            "support": {
                "issues": "https://github.com/web-token/jwt-library/issues",
                "source": "https://github.com/web-token/jwt-library/tree/4.1.7"
            },
            "funding": [
                {
                    "url": "https://github.com/Spomky",
                    "type": "github"
                },
                {
                    "url": "https://www.patreon.com/FlorentMorselli",
                    "type": "patreon"
                }
            ],
            "time": "2026-06-06T18:12:39+00:00"
        }
    ],
    "packages-dev": [],
    "aliases": [],
    "minimum-stability": "stable",
    "stability-flags": {},
    "prefer-stable": false,
    "prefer-lowest": false,
    "platform": {},
    "platform-dev": {},
    "platform-overrides": {
        "php": "8.3"
    },
    "plugin-api-version": "2.9.0"
}
