{
    "_readme": [
        "This file locks the dependencies of your project to a known state",
        "Read more about it at https://getcomposer.org/doc/01-basic-usage.md#installing-dependencies",
        "This file is @generated automatically"
    ],
    "content-hash": "c7a1dfc22175a2dc44cadd62b2d012b1",
    "packages": [
        {
            "name": "brick/math",
            "version": "0.14.7",
            "source": {
                "type": "git",
                "url": "https://github.com/brick/math.git",
                "reference": "07ff363b16ef8aca9692bba3be9e73fe63f34e50"
            },
            "dist": {
                "type": "zip",
                "url": "https://api.github.com/repos/brick/math/zipball/07ff363b16ef8aca9692bba3be9e73fe63f34e50",
                "reference": "07ff363b16ef8aca9692bba3be9e73fe63f34e50",
                "shasum": ""
            },
            "require": {
                "php": "^8.2"
            },
            "require-dev": {
                "php-coveralls/php-coveralls": "^2.2",
                "phpstan/phpstan": "2.1.22",
                "phpunit/phpunit": "^11.5"
            },
            "type": "library",
            "autoload": {
                "psr-4": {
                    "Brick\\Math\\": "src/"
                }
            },
            "notification-url": "https://packagist.org/downloads/",
            "license": [
                "MIT"
            ],
            "description": "Arbitrary-precision arithmetic library",
            "keywords": [
                "Arbitrary-precision",
                "BigInteger",
                "BigRational",
                "arithmetic",
                "bigdecimal",
                "bignum",
                "bignumber",
                "brick",
                "decimal",
                "integer",
                "math",
                "mathematics",
                "rational"
            ],
            "support": {
                "issues": "https://github.com/brick/math/issues",
                "source": "https://github.com/brick/math/tree/0.14.7"
            },
            "funding": [
                {
                    "url": "https://github.com/BenMorel",
                    "type": "github"
                }
            ],
            "time": "2026-02-07T10:57:35+00:00"
        },
        {
            "name": "minishlink/web-push",
            "version": "v9.0.4",
            "source": {
                "type": "git",
                "url": "https://github.com/web-push-libs/web-push-php.git",
                "reference": "f979f40b0017d2f86d82b9f21edbc515d031cc23"
            },
            "dist": {
                "type": "zip",
                "url": "https://api.github.com/repos/web-push-libs/web-push-php/zipball/f979f40b0017d2f86d82b9f21edbc515d031cc23",
                "reference": "f979f40b0017d2f86d82b9f21edbc515d031cc23",
                "shasum": ""
            },
            "require": {
                "ext-curl": "*",
                "ext-json": "*",
                "ext-mbstring": "*",
                "ext-openssl": "*",
                "guzzlehttp/guzzle": "^7.9.2",
                "php": ">=8.1",
                "spomky-labs/base64url": "^2.0.4",
                "symfony/polyfill-php82": "^v1.31.0",
                "web-token/jwt-library": "^3.3.0|^4.0.0"
            },
            "require-dev": {
                "friendsofphp/php-cs-fixer": "^v3.91.3",
                "phpstan/phpstan": "^2.1.2",
                "phpunit/phpunit": "^10.5.44|^11.5.6",
                "symfony/polyfill-iconv": "^1.33"
            },
            "suggest": {
                "ext-bcmath": "Optional for performance.",
                "ext-gmp": "Optional for performance."
            },
            "type": "library",
            "autoload": {
                "psr-4": {
                    "Minishlink\\WebPush\\": "src"
                }
            },
            "notification-url": "https://packagist.org/downloads/",
            "license": [
                "MIT"
            ],
            "authors": [
                {
                    "name": "Louis Lagrange",
                    "email": "lagrange.louis@gmail.com",
                    "homepage": "https://github.com/Minishlink"
                }
            ],
            "description": "Web Push library for PHP",
            "homepage": "https://github.com/web-push-libs/web-push-php",
            "keywords": [
                "Push API",
                "WebPush",
                "notifications",
                "push",
                "web"
            ],
            "support": {
                "issues": "https://github.com/web-push-libs/web-push-php/issues",
                "source": "https://github.com/web-push-libs/web-push-php/tree/v9.0.4"
            },
            "time": "2025-12-10T14:00:12+00:00"
        },
        {
            "name": "spomky-labs/base64url",
            "version": "v2.0.4",
            "source": {
                "type": "git",
                "url": "https://github.com/Spomky-Labs/base64url.git",
                "reference": "7752ce931ec285da4ed1f4c5aa27e45e097be61d"
            },
            "dist": {
                "type": "zip",
                "url": "https://api.github.com/repos/Spomky-Labs/base64url/zipball/7752ce931ec285da4ed1f4c5aa27e45e097be61d",
                "reference": "7752ce931ec285da4ed1f4c5aa27e45e097be61d",
                "shasum": ""
            },
            "require": {
                "php": ">=7.1"
            },
            "require-dev": {
                "phpstan/extension-installer": "^1.0",
                "phpstan/phpstan": "^0.11|^0.12",
                "phpstan/phpstan-beberlei-assert": "^0.11|^0.12",
                "phpstan/phpstan-deprecation-rules": "^0.11|^0.12",
                "phpstan/phpstan-phpunit": "^0.11|^0.12",
                "phpstan/phpstan-strict-rules": "^0.11|^0.12"
            },
            "type": "library",
            "autoload": {
                "psr-4": {
                    "Base64Url\\": "src/"
                }
            },
            "notification-url": "https://packagist.org/downloads/",
            "license": [
                "MIT"
            ],
            "authors": [
                {
                    "name": "Florent Morselli",
                    "homepage": "https://github.com/Spomky-Labs/base64url/contributors"
                }
            ],
            "description": "Base 64 URL Safe Encoding/Decoding PHP Library",
            "homepage": "https://github.com/Spomky-Labs/base64url",
            "keywords": [
                "base64",
                "rfc4648",
                "safe",
                "url"
            ],
            "support": {
                "issues": "https://github.com/Spomky-Labs/base64url/issues",
                "source": "https://github.com/Spomky-Labs/base64url/tree/v2.0.4"
            },
            "funding": [
                {
                    "url": "https://github.com/Spomky",
                    "type": "github"
                },
                {
                    "url": "https://www.patreon.com/FlorentMorselli",
                    "type": "patreon"
                }
            ],
            "time": "2020-11-03T09:10:25+00:00"
        },
        {
            "name": "spomky-labs/pki-framework",
            "version": "1.4.1",
            "source": {
                "type": "git",
                "url": "https://github.com/Spomky-Labs/pki-framework.git",
                "reference": "f0e9a548df4e3942886adc9b7830581a46334631"
            },
            "dist": {
                "type": "zip",
                "url": "https://api.github.com/repos/Spomky-Labs/pki-framework/zipball/f0e9a548df4e3942886adc9b7830581a46334631",
                "reference": "f0e9a548df4e3942886adc9b7830581a46334631",
                "shasum": ""
            },
            "require": {
                "brick/math": "^0.10|^0.11|^0.12|^0.13|^0.14",
                "ext-mbstring": "*",
                "php": ">=8.1"
            },
            "require-dev": {
                "ekino/phpstan-banned-code": "^1.0|^2.0|^3.0",
                "ext-gmp": "*",
                "ext-openssl": "*",
                "infection/infection": "^0.28|^0.29|^0.31",
                "php-parallel-lint/php-parallel-lint": "^1.3",
                "phpstan/extension-installer": "^1.3|^2.0",
                "phpstan/phpstan": "^1.8|^2.0",
                "phpstan/phpstan-deprecation-rules": "^1.0|^2.0",
                "phpstan/phpstan-phpunit": "^1.1|^2.0",
                "phpstan/phpstan-strict-rules": "^1.3|^2.0",
                "phpunit/phpunit": "^10.1|^11.0|^12.0",
                "rector/rector": "^1.0|^2.0",
                "roave/security-advisories": "dev-latest",
                "symfony/string": "^6.4|^7.0|^8.0",
                "symfony/var-dumper": "^6.4|^7.0|^8.0",
                "symplify/easy-coding-standard": "^12.0"
            },
            "suggest": {
                "ext-bcmath": "For better performance (or GMP)",
                "ext-gmp": "For better performance (or BCMath)",
                "ext-openssl": "For OpenSSL based cyphering"
            },
            "type": "library",
            "autoload": {
                "psr-4": {
                    "SpomkyLabs\\Pki\\": "src/"
                }
            },
            "notification-url": "https://packagist.org/downloads/",
            "license": [
                "MIT"
            ],
            "authors": [
                {
                    "name": "Joni Eskelinen",
                    "email": "jonieske@gmail.com",
                    "role": "Original developer"
                },
                {
                    "name": "Florent Morselli",
                    "email": "florent.morselli@spomky-labs.com",
                    "role": "Spomky-Labs PKI Framework developer"
                }
            ],
            "description": "A PHP framework for managing Public Key Infrastructures. It comprises X.509 public key certificates, attribute certificates, certification requests and certification path validation.",
            "homepage": "https://github.com/spomky-labs/pki-framework",
            "keywords": [
                "DER",
                "Private Key",
                "ac",
                "algorithm identifier",
                "asn.1",
                "asn1",
                "attribute certificate",
                "certificate",
                "certification request",
                "cryptography",
                "csr",
                "decrypt",
                "ec",
                "encrypt",
                "pem",
                "pkcs",
                "public key",
                "rsa",
                "sign",
                "signature",
                "verify",
                "x.509",
                "x.690",
                "x509",
                "x690"
            ],
            "support": {
                "issues": "https://github.com/Spomky-Labs/pki-framework/issues",
                "source": "https://github.com/Spomky-Labs/pki-framework/tree/1.4.1"
            },
            "funding": [
                {
                    "url": "https://github.com/Spomky",
                    "type": "github"
                },
                {
                    "url": "https://www.patreon.com/FlorentMorselli",
                    "type": "patreon"
                }
            ],
            "time": "2025-12-20T12:57:40+00:00"
        },
        {
            "name": "symfony/polyfill-php82",
            "version": "v1.33.0",
            "source": {
                "type": "git",
                "url": "https://github.com/symfony/polyfill-php82.git",
                "reference": "5d2ed36f7734637dacc025f179698031951b1692"
            },
            "dist": {
                "type": "zip",
                "url": "https://api.github.com/repos/symfony/polyfill-php82/zipball/5d2ed36f7734637dacc025f179698031951b1692",
                "reference": "5d2ed36f7734637dacc025f179698031951b1692",
                "shasum": ""
            },
            "require": {
                "php": ">=7.2"
            },
            "type": "library",
            "extra": {
                "thanks": {
                    "url": "https://github.com/symfony/polyfill",
                    "name": "symfony/polyfill"
                }
            },
            "autoload": {
                "files": [
                    "bootstrap.php"
                ],
                "psr-4": {
                    "Symfony\\Polyfill\\Php82\\": ""
                },
                "classmap": [
                    "Resources/stubs"
                ]
            },
            "notification-url": "https://packagist.org/downloads/",
            "license": [
                "MIT"
            ],
            "authors": [
                {
                    "name": "Nicolas Grekas",
                    "email": "p@tchwork.com"
                },
                {
                    "name": "Symfony Community",
                    "homepage": "https://symfony.com/contributors"
                }
            ],
            "description": "Symfony polyfill backporting some PHP 8.2+ features to lower PHP versions",
            "homepage": "https://symfony.com",
            "keywords": [
                "compatibility",
                "polyfill",
                "portable",
                "shim"
            ],
            "support": {
                "source": "https://github.com/symfony/polyfill-php82/tree/v1.33.0"
            },
            "funding": [
                {
                    "url": "https://symfony.com/sponsor",
                    "type": "custom"
                },
                {
                    "url": "https://github.com/fabpot",
                    "type": "github"
                },
                {
                    "url": "https://github.com/nicolas-grekas",
                    "type": "github"
                },
                {
                    "url": "https://tidelift.com/funding/github/packagist/symfony/symfony",
                    "type": "tidelift"
                }
            ],
            "time": "2024-09-09T11:45:10+00:00"
        },
        {
            "name": "web-token/jwt-library",
            "version": "4.1.3",
            "source": {
                "type": "git",
                "url": "https://github.com/web-token/jwt-library.git",
                "reference": "690d4dd47b78f423cb90457f858e4106e1deb728"
            },
            "dist": {
                "type": "zip",
                "url": "https://api.github.com/repos/web-token/jwt-library/zipball/690d4dd47b78f423cb90457f858e4106e1deb728",
                "reference": "690d4dd47b78f423cb90457f858e4106e1deb728",
                "shasum": ""
            },
            "require": {
                "brick/math": "^0.12|^0.13|^0.14",
                "php": ">=8.2",
                "psr/clock": "^1.0",
                "spomky-labs/pki-framework": "^1.2.1"
            },
            "conflict": {
                "spomky-labs/jose": "*"
            },
            "suggest": {
                "ext-bcmath": "GMP or BCMath is highly recommended to improve the library performance",
                "ext-gmp": "GMP or BCMath is highly recommended to improve the library performance",
                "ext-openssl": "For key management (creation, optimization, etc.) and some algorithms (AES, RSA, ECDSA, etc.)",
                "ext-sodium": "Sodium is required for OKP key creation, EdDSA signature algorithm and ECDH-ES key encryption with OKP keys",
                "paragonie/sodium_compat": "Sodium is required for OKP key creation, EdDSA signature algorithm and ECDH-ES key encryption with OKP keys",
                "spomky-labs/aes-key-wrap": "For all Key Wrapping algorithms (AxxxKW, AxxxGCMKW, PBES2-HSxxx+AyyyKW...)",
                "symfony/console": "Needed to use console commands",
                "symfony/http-client": "To enable JKU/X5U support."
            },
            "type": "library",
            "autoload": {
                "psr-4": {
                    "Jose\\Component\\": ""
                }
            },
            "notification-url": "https://packagist.org/downloads/",
            "license": [
                "MIT"
            ],
            "authors": [
                {
                    "name": "Florent Morselli",
                    "homepage": "https://github.com/Spomky"
                },
                {
                    "name": "All contributors",
                    "homepage": "https://github.com/web-token/jwt-framework/contributors"
                }
            ],
            "description": "JWT library",
            "homepage": "https://github.com/web-token",
            "keywords": [
                "JOSE",
                "JWE",
                "JWK",
                "JWKSet",
                "JWS",
                "Jot",
                "RFC7515",
                "RFC7516",
                "RFC7517",
                "RFC7518",
                "RFC7519",
                "RFC7520",
                "bundle",
                "jwa",
                "jwt",
                "symfony"
            ],
            "support": {
                "issues": "https://github.com/web-token/jwt-library/issues",
                "source": "https://github.com/web-token/jwt-library/tree/4.1.3"
            },
            "funding": [
                {
                    "url": "https://github.com/Spomky",
                    "type": "github"
                },
                {
                    "url": "https://www.patreon.com/FlorentMorselli",
                    "type": "patreon"
                }
            ],
            "time": "2025-12-18T14:27:35+00:00"
        }
    ],
    "packages-dev": [
        {
            "name": "bamarni/composer-bin-plugin",
            "version": "1.9.1",
            "source": {
                "type": "git",
                "url": "https://github.com/bamarni/composer-bin-plugin.git",
                "reference": "641d0663f5ac270b1aeec4337b7856f76204df47"
            },
            "dist": {
                "type": "zip",
                "url": "https://api.github.com/repos/bamarni/composer-bin-plugin/zipball/641d0663f5ac270b1aeec4337b7856f76204df47",
                "reference": "641d0663f5ac270b1aeec4337b7856f76204df47",
                "shasum": ""
            },
            "require": {
                "composer-plugin-api": "^2.0",
                "php": "^7.2.5 || ^8.0"
            },
            "require-dev": {
                "composer/composer": "^2.2.26",
                "ext-json": "*",
                "phpstan/extension-installer": "^1.1",
                "phpstan/phpstan": "^1.8 || ^2.0",
                "phpstan/phpstan-phpunit": "^1.1 || ^2.0",
                "phpunit/phpunit": "^8.5 || ^9.6 || ^10.0",
                "symfony/console": "^2.8.52 || ^3.4.35 || ^4.4 || ^5.0 || ^6.0",
                "symfony/finder": "^2.8.52 || ^3.4.35 || ^4.4 || ^5.0 || ^6.0",
                "symfony/process": "^2.8.52 || ^3.4.35 || ^4.4 || ^5.0 || ^6.0"
            },
            "type": "composer-plugin",
            "extra": {
                "class": "Bamarni\\Composer\\Bin\\BamarniBinPlugin"
            },
            "autoload": {
                "psr-4": {
                    "Bamarni\\Composer\\Bin\\": "src"
                }
            },
            "notification-url": "https://packagist.org/downloads/",
            "license": [
                "MIT"
            ],
            "description": "No conflicts for your bin dependencies",
            "keywords": [
                "composer",
                "conflict",
                "dependency",
                "executable",
                "isolation",
                "tool"
            ],
            "support": {
                "issues": "https://github.com/bamarni/composer-bin-plugin/issues",
                "source": "https://github.com/bamarni/composer-bin-plugin/tree/1.9.1"
            },
            "time": "2026-02-04T10:18:12+00:00"
        },
        {
            "name": "nextcloud/ocp",
            "version": "dev-master",
            "source": {
                "type": "git",
                "url": "https://github.com/nextcloud-deps/ocp.git",
                "reference": "c34a484ad6a6d6aa05b12f23862483269c7ef9e0"
            },
            "dist": {
                "type": "zip",
                "url": "https://api.github.com/repos/nextcloud-deps/ocp/zipball/c34a484ad6a6d6aa05b12f23862483269c7ef9e0",
                "reference": "c34a484ad6a6d6aa05b12f23862483269c7ef9e0",
                "shasum": ""
            },
            "require": {
                "php": "~8.1 || ~8.2 || ~8.3 || ~8.4 || ~8.5",
                "psr/clock": "^1.0",
                "psr/container": "^2.0.2",
                "psr/event-dispatcher": "^1.0",
                "psr/log": "^3.0.2"
            },
            "default-branch": true,
            "type": "library",
            "extra": {
                "branch-alias": {
                    "dev-master": "34.0.0-dev"
                }
            },
            "notification-url": "https://packagist.org/downloads/",
            "license": [
                "AGPL-3.0-or-later"
            ],
            "authors": [
                {
                    "name": "Christoph Wurst",
                    "email": "christoph@winzerhof-wurst.at"
                },
                {
                    "name": "Joas Schilling",
                    "email": "coding@schilljs.com"
                }
            ],
            "description": "Composer package containing Nextcloud's public OCP API and the unstable NCU API",
            "support": {
                "issues": "https://github.com/nextcloud-deps/ocp/issues",
                "source": "https://github.com/nextcloud-deps/ocp/tree/master"
            },
            "time": "2026-02-09T19:49:58+00:00"
        },
        {
            "name": "psr/container",
            "version": "2.0.2",
            "source": {
                "type": "git",
                "url": "https://github.com/php-fig/container.git",
                "reference": "c71ecc56dfe541dbd90c5360474fbc405f8d5963"
            },
            "dist": {
                "type": "zip",
                "url": "https://api.github.com/repos/php-fig/container/zipball/c71ecc56dfe541dbd90c5360474fbc405f8d5963",
                "reference": "c71ecc56dfe541dbd90c5360474fbc405f8d5963",
                "shasum": ""
            },
            "require": {
                "php": ">=7.4.0"
            },
            "type": "library",
            "extra": {
                "branch-alias": {
                    "dev-master": "2.0.x-dev"
                }
            },
            "autoload": {
                "psr-4": {
                    "Psr\\Container\\": "src/"
                }
            },
            "notification-url": "https://packagist.org/downloads/",
            "license": [
                "MIT"
            ],
            "authors": [
                {
                    "name": "PHP-FIG",
                    "homepage": "https://www.php-fig.org/"
                }
            ],
            "description": "Common Container Interface (PHP FIG PSR-11)",
            "homepage": "https://github.com/php-fig/container",
            "keywords": [
                "PSR-11",
                "container",
                "container-interface",
                "container-interop",
                "psr"
            ],
            "support": {
                "issues": "https://github.com/php-fig/container/issues",
                "source": "https://github.com/php-fig/container/tree/2.0.2"
            },
            "time": "2021-11-05T16:47:00+00:00"
        },
        {
            "name": "psr/event-dispatcher",
            "version": "1.0.0",
            "source": {
                "type": "git",
                "url": "https://github.com/php-fig/event-dispatcher.git",
                "reference": "dbefd12671e8a14ec7f180cab83036ed26714bb0"
            },
            "dist": {
                "type": "zip",
                "url": "https://api.github.com/repos/php-fig/event-dispatcher/zipball/dbefd12671e8a14ec7f180cab83036ed26714bb0",
                "reference": "dbefd12671e8a14ec7f180cab83036ed26714bb0",
                "shasum": ""
            },
            "require": {
                "php": ">=7.2.0"
            },
            "type": "library",
            "extra": {
                "branch-alias": {
                    "dev-master": "1.0.x-dev"
                }
            },
            "autoload": {
                "psr-4": {
                    "Psr\\EventDispatcher\\": "src/"
                }
            },
            "notification-url": "https://packagist.org/downloads/",
            "license": [
                "MIT"
            ],
            "authors": [
                {
                    "name": "PHP-FIG",
                    "homepage": "http://www.php-fig.org/"
                }
            ],
            "description": "Standard interfaces for event handling.",
            "keywords": [
                "events",
                "psr",
                "psr-14"
            ],
            "support": {
                "issues": "https://github.com/php-fig/event-dispatcher/issues",
                "source": "https://github.com/php-fig/event-dispatcher/tree/1.0.0"
            },
            "time": "2019-01-08T18:20:26+00:00"
        },
        {
            "name": "psr/log",
            "version": "3.0.2",
            "source": {
                "type": "git",
                "url": "https://github.com/php-fig/log.git",
                "reference": "f16e1d5863e37f8d8c2a01719f5b34baa2b714d3"
            },
            "dist": {
                "type": "zip",
                "url": "https://api.github.com/repos/php-fig/log/zipball/f16e1d5863e37f8d8c2a01719f5b34baa2b714d3",
                "reference": "f16e1d5863e37f8d8c2a01719f5b34baa2b714d3",
                "shasum": ""
            },
            "require": {
                "php": ">=8.0.0"
            },
            "type": "library",
            "extra": {
                "branch-alias": {
                    "dev-master": "3.x-dev"
                }
            },
            "autoload": {
                "psr-4": {
                    "Psr\\Log\\": "src"
                }
            },
            "notification-url": "https://packagist.org/downloads/",
            "license": [
                "MIT"
            ],
            "authors": [
                {
                    "name": "PHP-FIG",
                    "homepage": "https://www.php-fig.org/"
                }
            ],
            "description": "Common interface for logging libraries",
            "homepage": "https://github.com/php-fig/log",
            "keywords": [
                "log",
                "psr",
                "psr-3"
            ],
            "support": {
                "source": "https://github.com/php-fig/log/tree/3.0.2"
            },
            "time": "2024-09-11T13:17:53+00:00"
        }
    ],
    "aliases": [],
    "minimum-stability": "stable",
    "stability-flags": {
        "nextcloud/ocp": 20
    },
    "prefer-stable": false,
    "prefer-lowest": false,
    "platform": {},
    "platform-dev": {},
    "platform-overrides": {
        "php": "8.2"
    },
    "plugin-api-version": "2.9.0"
}
